// !$*UTF8*$!
{
	archiveVersion = 1;
	classes = {
	};
	objectVersion = 48;
	objects = {

/* Begin PBXBuildFile section */
		2320397354F77A8DF799DF3E /* Pods_receipt_tracker.framework in Frameworks */ = {isa = PBXBuildFile; fileRef = 837324749F4CEB17E1D9277F /* Pods_receipt_tracker.framework */; };
		34C30C383064AF55AE1C2B15 /* Pods_receipt_trackerUITests.framework in Frameworks */ = {isa = PBXBuildFile; fileRef = FF88CDE38008139961D794B1 /* Pods_receipt_trackerUITests.framework */; };
		A4D5128D6F22AB80A2F43F83 /* Pods_receipt_trackerTests.framework in Frameworks */ = {isa = PBXBuildFile; fileRef = 112BA0849F6A21B6A8D27C01 /* Pods_receipt_trackerTests.framework */; };
		E6B121A02025BD5E00EFF104 /* shutter.png in Resources */ = {isa = PBXBuildFile; fileRef = E6B1219F2025BD5E00EFF104 /* shutter.png */; };
		E6D6601B2025972F0005F2CA /* AppDelegate.swift in Sources */ = {isa = PBXBuildFile; fileRef = E6D6601A2025972F0005F2CA /* AppDelegate.swift */; };
		E6D6601D2025972F0005F2CA /* ViewController.swift in Sources */ = {isa = PBXBuildFile; fileRef = E6D6601C2025972F0005F2CA /* ViewController.swift */; };
		E6D660202025972F0005F2CA /* Main.storyboard in Resources */ = {isa = PBXBuildFile; fileRef = E6D6601E2025972F0005F2CA /* Main.storyboard */; };
		E6D660222025972F0005F2CA /* Assets.xcassets in Resources */ = {isa = PBXBuildFile; fileRef = E6D660212025972F0005F2CA /* Assets.xcassets */; };
		E6D660252025972F0005F2CA /* LaunchScreen.storyboard in Resources */ = {isa = PBXBuildFile; fileRef = E6D660232025972F0005F2CA /* LaunchScreen.storyboard */; };
		E6D660302025972F0005F2CA /* receipt_trackerTests.swift in Sources */ = {isa = PBXBuildFile; fileRef = E6D6602F2025972F0005F2CA /* receipt_trackerTests.swift */; };
		E6D6603B2025972F0005F2CA /* receipt_trackerUITests.swift in Sources */ = {isa = PBXBuildFile; fileRef = E6D6603A2025972F0005F2CA /* receipt_trackerUITests.swift */; };
/* End PBXBuildFile section */

/* Begin PBXContainerItemProxy section */
		E6D6602C2025972F0005F2CA /* PBXContainerItemProxy */ = {
			isa = PBXContainerItemProxy;
			containerPortal = E6D6600F2025972F0005F2CA /* Project object */;
			proxyType = 1;
			remoteGlobalIDString = E6D660162025972F0005F2CA;
			remoteInfo = "receipt-tracker";
		};
		E6D660372025972F0005F2CA /* PBXContainerItemProxy */ = {
			isa = PBXContainerItemProxy;
			containerPortal = E6D6600F2025972F0005F2CA /* Project object */;
			proxyType = 1;
			remoteGlobalIDString = E6D660162025972F0005F2CA;
			remoteInfo = "receipt-tracker";
		};
/* End PBXContainerItemProxy section */

/* Begin PBXFileReference section */
		0DC48BCBDC87B46BD7BE782B /* Pods-receipt-tracker.debug.xcconfig */ = {isa = PBXFileReference; includeInIndex = 1; lastKnownFileType = text.xcconfig; name = "Pods-receipt-tracker.debug.xcconfig"; path = "Pods/Target Support Files/Pods-receipt-tracker/Pods-receipt-tracker.debug.xcconfig"; sourceTree = "<group>"; };
		112BA0849F6A21B6A8D27C01 /* Pods_receipt_trackerTests.framework */ = {isa = PBXFileReference; explicitFileType = wrapper.framework; includeInIndex = 0; path = Pods_receipt_trackerTests.framework; sourceTree = BUILT_PRODUCTS_DIR; };
		18FB5804218587C36EBC923B /* Pods-receipt-trackerUITests.debug.xcconfig */ = {isa = PBXFileReference; includeInIndex = 1; lastKnownFileType = text.xcconfig; name = "Pods-receipt-trackerUITests.debug.xcconfig"; path = "Pods/Target Support Files/Pods-receipt-trackerUITests/Pods-receipt-trackerUITests.debug.xcconfig"; sourceTree = "<group>"; };
		72770E9ACA1865D18098DF38 /* Pods-receipt-tracker.release.xcconfig */ = {isa = PBXFileReference; includeInIndex = 1; lastKnownFileType = text.xcconfig; name = "Pods-receipt-tracker.release.xcconfig"; path = "Pods/Target Support Files/Pods-receipt-tracker/Pods-receipt-tracker.release.xcconfig"; sourceTree = "<group>"; };
		837324749F4CEB17E1D9277F /* Pods_receipt_tracker.framework */ = {isa = PBXFileReference; explicitFileType = wrapper.framework; includeInIndex = 0; path = Pods_receipt_tracker.framework; sourceTree = BUILT_PRODUCTS_DIR; };
		8DFA726F2906D58B5F3FE177 /* Pods-receipt-trackerTests.debug.xcconfig */ = {isa = PBXFileReference; includeInIndex = 1; lastKnownFileType = text.xcconfig; name = "Pods-receipt-trackerTests.debug.xcconfig"; path = "Pods/Target Support Files/Pods-receipt-trackerTests/Pods-receipt-trackerTests.debug.xcconfig"; sourceTree = "<group>"; };
		94E0309FEA437E8DF00577E7 /* Pods-receipt-trackerTests.release.xcconfig */ = {isa = PBXFileReference; includeInIndex = 1; lastKnownFileType = text.xcconfig; name = "Pods-receipt-trackerTests.release.xcconfig"; path = "Pods/Target Support Files/Pods-receipt-trackerTests/Pods-receipt-trackerTests.release.xcconfig"; sourceTree = "<group>"; };
		E6B1219F2025BD5E00EFF104 /* shutter.png */ = {isa = PBXFileReference; lastKnownFileType = image.png; name = shutter.png; path = ../shutter.png; sourceTree = "<group>"; };
		E6D660172025972F0005F2CA /* receipt-tracker.app */ = {isa = PBXFileReference; explicitFileType = wrapper.application; includeInIndex = 0; path = "receipt-tracker.app"; sourceTree = BUILT_PRODUCTS_DIR; };
		E6D6601A2025972F0005F2CA /* AppDelegate.swift */ = {isa = PBXFileReference; lastKnownFileType = sourcecode.swift; path = AppDelegate.swift; sourceTree = "<group>"; };
		E6D6601C2025972F0005F2CA /* ViewController.swift */ = {isa = PBXFileReference; lastKnownFileType = sourcecode.swift; path = ViewController.swift; sourceTree = "<group>"; };
		E6D6601F2025972F0005F2CA /* Base */ = {isa = PBXFileReference; lastKnownFileType = file.storyboard; name = Base; path = Base.lproj/Main.storyboard; sourceTree = "<group>"; };
		E6D660212025972F0005F2CA /* Assets.xcassets */ = {isa = PBXFileReference; lastKnownFileType = folder.assetcatalog; path = Assets.xcassets; sourceTree = "<group>"; };
		E6D660242025972F0005F2CA /* Base */ = {isa = PBXFileReference; lastKnownFileType = file.storyboard; name = Base; path = Base.lproj/LaunchScreen.storyboard; sourceTree = "<group>"; };
		E6D660262025972F0005F2CA /* Info.plist */ = {isa = PBXFileReference; lastKnownFileType = text.plist.xml; path = Info.plist; sourceTree = "<group>"; };
		E6D6602B2025972F0005F2CA /* receipt-trackerTests.xctest */ = {isa = PBXFileReference; explicitFileType = wrapper.cfbundle; includeInIndex = 0; path = "receipt-trackerTests.xctest"; sourceTree = BUILT_PRODUCTS_DIR; };
		E6D6602F2025972F0005F2CA /* receipt_trackerTests.swift */ = {isa = PBXFileReference; lastKnownFileType = sourcecode.swift; path = receipt_trackerTests.swift; sourceTree = "<group>"; };
		E6D660312025972F0005F2CA /* Info.plist */ = {isa = PBXFileReference; lastKnownFileType = text.plist.xml; path = Info.plist; sourceTree = "<group>"; };
		E6D660362025972F0005F2CA /* receipt-trackerUITests.xctest */ = {isa = PBXFileReference; explicitFileType = wrapper.cfbundle; includeInIndex = 0; path = "receipt-trackerUITests.xctest"; sourceTree = BUILT_PRODUCTS_DIR; };
		E6D6603A2025972F0005F2CA /* receipt_trackerUITests.swift */ = {isa = PBXFileReference; lastKnownFileType = sourcecode.swift; path = receipt_trackerUITests.swift; sourceTree = "<group>"; };
		E6D6603C2025972F0005F2CA /* Info.plist */ = {isa = PBXFileReference; lastKnownFileType = text.plist.xml; path = Info.plist; sourceTree = "<group>"; };
		F5D86664DFB899904120CCEA /* Pods-receipt-trackerUITests.release.xcconfig */ = {isa = PBXFileReference; includeInIndex = 1; lastKnownFileType = text.xcconfig; name = "Pods-receipt-trackerUITests.release.xcconfig"; path = "Pods/Target Support Files/Pods-receipt-trackerUITests/Pods-receipt-trackerUITests.release.xcconfig"; sourceTree = "<group>"; };
		FF88CDE38008139961D794B1 /* Pods_receipt_trackerUITests.framework */ = {isa = PBXFileReference; explicitFileType = wrapper.framework; includeInIndex = 0; path = Pods_receipt_trackerUITests.framework; sourceTree = BUILT_PRODUCTS_DIR; };
/* End PBXFileReference section */

/* Begin PBXFrameworksBuildPhase section */
		E6D660142025972F0005F2CA /* Frameworks */ = {
			isa = PBXFrameworksBuildPhase;
			buildActionMask = 2147483647;
			files = (
				2320397354F77A8DF799DF3E /* Pods_receipt_tracker.framework in Frameworks */,
			);
			runOnlyForDeploymentPostprocessing = 0;
		};
		E6D660282025972F0005F2CA /* Frameworks */ = {
			isa = PBXFrameworksBuildPhase;
			buildActionMask = 2147483647;
			files = (
				A4D5128D6F22AB80A2F43F83 /* Pods_receipt_trackerTests.framework in Frameworks */,
			);
			runOnlyForDeploymentPostprocessing = 0;
		};
		E6D660332025972F0005F2CA /* Frameworks */ = {
			isa = PBXFrameworksBuildPhase;
			buildActionMask = 2147483647;
			files = (
				34C30C383064AF55AE1C2B15 /* Pods_receipt_trackerUITests.framework in Frameworks */,
			);
			runOnlyForDeploymentPostprocessing = 0;
		};
/* End PBXFrameworksBuildPhase section */

/* Begin PBXGroup section */
		341EE0D803EF9EDBBC0EB7A9 /* Pods */ = {
			isa = PBXGroup;
			children = (
				0DC48BCBDC87B46BD7BE782B /* Pods-receipt-tracker.debug.xcconfig */,
				72770E9ACA1865D18098DF38 /* Pods-receipt-tracker.release.xcconfig */,
				8DFA726F2906D58B5F3FE177 /* Pods-receipt-trackerTests.debug.xcconfig */,
				94E0309FEA437E8DF00577E7 /* Pods-receipt-trackerTests.release.xcconfig */,
				18FB5804218587C36EBC923B /* Pods-receipt-trackerUITests.debug.xcconfig */,
				F5D86664DFB899904120CCEA /* Pods-receipt-trackerUITests.release.xcconfig */,
			);
			name = Pods;
			sourceTree = "<group>";
		};
		37DB7F4EA8FCB42458F32EAB /* Frameworks */ = {
			isa = PBXGroup;
			children = (
				837324749F4CEB17E1D9277F /* Pods_receipt_tracker.framework */,
				112BA0849F6A21B6A8D27C01 /* Pods_receipt_trackerTests.framework */,
				FF88CDE38008139961D794B1 /* Pods_receipt_trackerUITests.framework */,
			);
			name = Frameworks;
			sourceTree = "<group>";
		};
		E6D6600E2025972E0005F2CA = {
			isa = PBXGroup;
			children = (
				E6D660192025972F0005F2CA /* receipt-tracker */,
				E6D6602E2025972F0005F2CA /* receipt-trackerTests */,
				E6D660392025972F0005F2CA /* receipt-trackerUITests */,
				E6D660182025972F0005F2CA /* Products */,
				341EE0D803EF9EDBBC0EB7A9 /* Pods */,
				37DB7F4EA8FCB42458F32EAB /* Frameworks */,
			);
			sourceTree = "<group>";
		};
		E6D660182025972F0005F2CA /* Products */ = {
			isa = PBXGroup;
			children = (
				E6D660172025972F0005F2CA /* receipt-tracker.app */,
				E6D6602B2025972F0005F2CA /* receipt-trackerTests.xctest */,
				E6D660362025972F0005F2CA /* receipt-trackerUITests.xctest */,
			);
			name = Products;
			sourceTree = "<group>";
		};
		E6D660192025972F0005F2CA /* receipt-tracker */ = {
			isa = PBXGroup;
			children = (
				E6D6601A2025972F0005F2CA /* AppDelegate.swift */,
				E6D6601C2025972F0005F2CA /* ViewController.swift */,
				E6D6601E2025972F0005F2CA /* Main.storyboard */,
				E6D660212025972F0005F2CA /* Assets.xcassets */,
				E6D660232025972F0005F2CA /* LaunchScreen.storyboard */,
				E6D660262025972F0005F2CA /* Info.plist */,
				E6B1219F2025BD5E00EFF104 /* shutter.png */,
			);
			path = "receipt-tracker";
			sourceTree = "<group>";
		};
		E6D6602E2025972F0005F2CA /* receipt-trackerTests */ = {
			isa = PBXGroup;
			children = (
				E6D6602F2025972F0005F2CA /* receipt_trackerTests.swift */,
				E6D660312025972F0005F2CA /* Info.plist */,
			);
			path = "receipt-trackerTests";
			sourceTree = "<group>";
		};
		E6D660392025972F0005F2CA /* receipt-trackerUITests */ = {
			isa = PBXGroup;
			children = (
				E6D6603A2025972F0005F2CA /* receipt_trackerUITests.swift */,
				E6D6603C2025972F0005F2CA /* Info.plist */,
			);
			path = "receipt-trackerUITests";
			sourceTree = "<group>";
		};
/* End PBXGroup section */

/* Begin PBXNativeTarget section */
		E6D660162025972F0005F2CA /* receipt-tracker */ = {
			isa = PBXNativeTarget;
			buildConfigurationList = E6D6603F2025972F0005F2CA /* Build configuration list for PBXNativeTarget "receipt-tracker" */;
			buildPhases = (
				8F1FABE8B2EBC7DF2D783ED3 /* [CP] Check Pods Manifest.lock */,
				E6D660132025972F0005F2CA /* Sources */,
				E6D660142025972F0005F2CA /* Frameworks */,
				E6D660152025972F0005F2CA /* Resources */,
				8352D060518B778050EE7ED1 /* [CP] Embed Pods Frameworks */,
				983908CECDDB36DF90FC670E /* [CP] Copy Pods Resources */,
			);
			buildRules = (
			);
			dependencies = (
			);
			name = "receipt-tracker";
			productName = "receipt-tracker";
			productReference = E6D660172025972F0005F2CA /* receipt-tracker.app */;
			productType = "com.apple.product-type.application";
		};
		E6D6602A2025972F0005F2CA /* receipt-trackerTests */ = {
			isa = PBXNativeTarget;
			buildConfigurationList = E6D660422025972F0005F2CA /* Build configuration list for PBXNativeTarget "receipt-trackerTests" */;
			buildPhases = (
				686EF3156E21D10E89CD48D4 /* [CP] Check Pods Manifest.lock */,
				E6D660272025972F0005F2CA /* Sources */,
				E6D660282025972F0005F2CA /* Frameworks */,
				E6D660292025972F0005F2CA /* Resources */,
				11F20F5E4B44DD15FAD38062 /* [CP] Embed Pods Frameworks */,
				1E6C1A05F9877BC9A1E7C26B /* [CP] Copy Pods Resources */,
			);
			buildRules = (
			);
			dependencies = (
				E6D6602D2025972F0005F2CA /* PBXTargetDependency */,
			);
			name = "receipt-trackerTests";
			productName = "receipt-trackerTests";
			productReference = E6D6602B2025972F0005F2CA /* receipt-trackerTests.xctest */;
			productType = "com.apple.product-type.bundle.unit-test";
		};
		E6D660352025972F0005F2CA /* receipt-trackerUITests */ = {
			isa = PBXNativeTarget;
			buildConfigurationList = E6D660452025972F0005F2CA /* Build configuration list for PBXNativeTarget "receipt-trackerUITests" */;
			buildPhases = (
				22ADE44BDF1E700F7C0F5FB8 /* [CP] Check Pods Manifest.lock */,
				E6D660322025972F0005F2CA /* Sources */,
				E6D660332025972F0005F2CA /* Frameworks */,
				E6D660342025972F0005F2CA /* Resources */,
				63331895C3007C491C44FCF7 /* [CP] Embed Pods Frameworks */,
				64FB7E7FBF966CBCCD6C5717 /* [CP] Copy Pods Resources */,
			);
			buildRules = (
			);
			dependencies = (
				E6D660382025972F0005F2CA /* PBXTargetDependency */,
			);
			name = "receipt-trackerUITests";
			productName = "receipt-trackerUITests";
			productReference = E6D660362025972F0005F2CA /* receipt-trackerUITests.xctest */;
			productType = "com.apple.product-type.bundle.ui-testing";
		};
/* End PBXNativeTarget section */

/* Begin PBXProject section */
		E6D6600F2025972F0005F2CA /* Project object */ = {
			isa = PBXProject;
			attributes = {
				LastSwiftUpdateCheck = 0920;
				LastUpgradeCheck = 0920;
				ORGANIZATIONNAME = "QHacks 2018";
				TargetAttributes = {
					E6D660162025972F0005F2CA = {
						CreatedOnToolsVersion = 9.2;
						ProvisioningStyle = Automatic;
					};
					E6D6602A2025972F0005F2CA = {
						CreatedOnToolsVersion = 9.2;
						ProvisioningStyle = Automatic;
						TestTargetID = E6D660162025972F0005F2CA;
					};
					E6D660352025972F0005F2CA = {
						CreatedOnToolsVersion = 9.2;
						ProvisioningStyle = Automatic;
						TestTargetID = E6D660162025972F0005F2CA;
					};
				};
			};
			buildConfigurationList = E6D660122025972F0005F2CA /* Build configuration list for PBXProject "receipt-tracker" */;
			compatibilityVersion = "Xcode 8.0";
			developmentRegion = en;
			hasScannedForEncodings = 0;
			knownRegions = (
				en,
				Base,
			);
			mainGroup = E6D6600E2025972E0005F2CA;
			productRefGroup = E6D660182025972F0005F2CA /* Products */;
			projectDirPath = "";
			projectRoot = "";
			targets = (
				E6D660162025972F0005F2CA /* receipt-tracker */,
				E6D6602A2025972F0005F2CA /* receipt-trackerTests */,
				E6D660352025972F0005F2CA /* receipt-trackerUITests */,
			);
		};
/* End PBXProject section */

/* Begin PBXResourcesBuildPhase section */
		E6D660152025972F0005F2CA /* Resources */ = {
			isa = PBXResourcesBuildPhase;
			buildActionMask = 2147483647;
			files = (
				E6D660252025972F0005F2CA /* LaunchScreen.storyboard in Resources */,
				E6B121A02025BD5E00EFF104 /* shutter.png in Resources */,
				E6D660222025972F0005F2CA /* Assets.xcassets in Resources */,
				E6D660202025972F0005F2CA /* Main.storyboard in Resources */,
			);
			runOnlyForDeploymentPostprocessing = 0;
		};
		E6D660292025972F0005F2CA /* Resources */ = {
			isa = PBXResourcesBuildPhase;
			buildActionMask = 2147483647;
			files = (
			);
			runOnlyForDeploymentPostprocessing = 0;
		};
		E6D660342025972F0005F2CA /* Resources */ = {
			isa = PBXResourcesBuildPhase;
			buildActionMask = 2147483647;
			files = (
			);
			runOnlyForDeploymentPostprocessing = 0;
		};
/* End PBXResourcesBuildPhase section */

/* Begin PBXShellScriptBuildPhase section */
		11F20F5E4B44DD15FAD38062 /* [CP] Embed Pods Frameworks */ = {
			isa = PBXShellScriptBuildPhase;
			buildActionMask = 2147483647;
			files = (
			);
			inputPaths = (
			);
			name = "[CP] Embed Pods Frameworks";
			outputPaths = (
			);
			runOnlyForDeploymentPostprocessing = 0;
			shellPath = /bin/sh;
			shellScript = "\"${SRCROOT}/Pods/Target Support Files/Pods-receipt-trackerTests/Pods-receipt-trackerTests-frameworks.sh\"\n";
			showEnvVarsInLog = 0;
		};
		1E6C1A05F9877BC9A1E7C26B /* [CP] Copy Pods Resources */ = {
			isa = PBXShellScriptBuildPhase;
			buildActionMask = 2147483647;
			files = (
			);
			inputPaths = (
			);
			name = "[CP] Copy Pods Resources";
			outputPaths = (
			);
			runOnlyForDeploymentPostprocessing = 0;
			shellPath = /bin/sh;
			shellScript = "\"${SRCROOT}/Pods/Target Support Files/Pods-receipt-trackerTests/Pods-receipt-trackerTests-resources.sh\"\n";
			showEnvVarsInLog = 0;
		};
		22ADE44BDF1E700F7C0F5FB8 /* [CP] Check Pods Manifest.lock */ = {
			isa = PBXShellScriptBuildPhase;
			buildActionMask = 2147483647;
			files = (
			);
			inputPaths = (
				"${PODS_PODFILE_DIR_PATH}/Podfile.lock",
				"${PODS_ROOT}/Manifest.lock",
			);
			name = "[CP] Check Pods Manifest.lock";
			outputPaths = (
				"$(DERIVED_FILE_DIR)/Pods-receipt-trackerUITests-checkManifestLockResult.txt",
			);
			runOnlyForDeploymentPostprocessing = 0;
			shellPath = /bin/sh;
			shellScript = "diff \"${PODS_PODFILE_DIR_PATH}/Podfile.lock\" \"${PODS_ROOT}/Manifest.lock\" > /dev/null\nif [ $? != 0 ] ; then\n    # print error to STDERR\n    echo \"error: The sandbox is not in sync with the Podfile.lock. Run 'pod install' or update your CocoaPods installation.\" >&2\n    exit 1\nfi\n# This output is used by Xcode 'outputs' to avoid re-running this script phase.\necho \"SUCCESS\" > \"${SCRIPT_OUTPUT_FILE_0}\"\n";
			showEnvVarsInLog = 0;
		};
		63331895C3007C491C44FCF7 /* [CP] Embed Pods Frameworks */ = {
			isa = PBXShellScriptBuildPhase;
			buildActionMask = 2147483647;
			files = (
			);
			inputPaths = (
			);
			name = "[CP] Embed Pods Frameworks";
			outputPaths = (
			);
			runOnlyForDeploymentPostprocessing = 0;
			shellPath = /bin/sh;
			shellScript = "\"${SRCROOT}/Pods/Target Support Files/Pods-receipt-trackerUITests/Pods-receipt-trackerUITests-frameworks.sh\"\n";
			showEnvVarsInLog = 0;
		};
		64FB7E7FBF966CBCCD6C5717 /* [CP] Copy Pods Resources */ = {
			isa = PBXShellScriptBuildPhase;
			buildActionMask = 2147483647;
			files = (
			);
			inputPaths = (
			);
			name = "[CP] Copy Pods Resources";
			outputPaths = (
			);
			runOnlyForDeploymentPostprocessing = 0;
			shellPath = /bin/sh;
			shellScript = "\"${SRCROOT}/Pods/Target Support Files/Pods-receipt-trackerUITests/Pods-receipt-trackerUITests-resources.sh\"\n";
			showEnvVarsInLog = 0;
		};
		686EF3156E21D10E89CD48D4 /* [CP] Check Pods Manifest.lock */ = {
			isa = PBXShellScriptBuildPhase;
			buildActionMask = 2147483647;
			files = (
			);
			inputPaths = (
				"${PODS_PODFILE_DIR_PATH}/Podfile.lock",
				"${PODS_ROOT}/Manifest.lock",
			);
			name = "[CP] Check Pods Manifest.lock";
			outputPaths = (
				"$(DERIVED_FILE_DIR)/Pods-receipt-trackerTests-checkManifestLockResult.txt",
			);
			runOnlyForDeploymentPostprocessing = 0;
			shellPath = /bin/sh;
			shellScript = "diff \"${PODS_PODFILE_DIR_PATH}/Podfile.lock\" \"${PODS_ROOT}/Manifest.lock\" > /dev/null\nif [ $? != 0 ] ; then\n    # print error to STDERR\n    echo \"error: The sandbox is not in sync with the Podfile.lock. Run 'pod install' or update your CocoaPods installation.\" >&2\n    exit 1\nfi\n# This output is used by Xcode 'outputs' to avoid re-running this script phase.\necho \"SUCCESS\" > \"${SCRIPT_OUTPUT_FILE_0}\"\n";
			showEnvVarsInLog = 0;
		};
		8352D060518B778050EE7ED1 /* [CP] Embed Pods Frameworks */ = {
			isa = PBXShellScriptBuildPhase;
			buildActionMask = 2147483647;
			files = (
			);
			inputPaths = (
				"${SRCROOT}/Pods/Target Support Files/Pods-receipt-tracker/Pods-receipt-tracker-frameworks.sh",
				"${BUILT_PRODUCTS_DIR}/Alamofire/Alamofire.framework",
				"${BUILT_PRODUCTS_DIR}/SwiftyCam/SwiftyCam.framework",
			);
			name = "[CP] Embed Pods Frameworks";
			outputPaths = (
				"${TARGET_BUILD_DIR}/${FRAMEWORKS_FOLDER_PATH}/Alamofire.framework",
				"${TARGET_BUILD_DIR}/${FRAMEWORKS_FOLDER_PATH}/SwiftyCam.framework",
			);
			runOnlyForDeploymentPostprocessing = 0;
			shellPath = /bin/sh;
			shellScript = "\"${SRCROOT}/Pods/Target Support Files/Pods-receipt-tracker/Pods-receipt-tracker-frameworks.sh\"\n";
			showEnvVarsInLog = 0;
		};
		8F1FABE8B2EBC7DF2D783ED3 /* [CP] Check Pods Manifest.lock */ = {
			isa = PBXShellScriptBuildPhase;
			buildActionMask = 2147483647;
			files = (
			);
			inputPaths = (
				"${PODS_PODFILE_DIR_PATH}/Podfile.lock",
				"${PODS_ROOT}/Manifest.lock",
			);
			name = "[CP] Check Pods Manifest.lock";
			outputPaths = (
				"$(DERIVED_FILE_DIR)/Pods-receipt-tracker-checkManifestLockResult.txt",
			);
			runOnlyForDeploymentPostprocessing = 0;
			shellPath = /bin/sh;
			shellScript = "diff \"${PODS_PODFILE_DIR_PATH}/Podfile.lock\" \"${PODS_ROOT}/Manifest.lock\" > /dev/null\nif [ $? != 0 ] ; then\n    # print error to STDERR\n    echo \"error: The sandbox is not in sync with the Podfile.lock. Run 'pod install' or update your CocoaPods installation.\" >&2\n    exit 1\nfi\n# This output is used by Xcode 'outputs' to avoid re-running this script phase.\necho \"SUCCESS\" > \"${SCRIPT_OUTPUT_FILE_0}\"\n";
			showEnvVarsInLog = 0;
		};
		983908CECDDB36DF90FC670E /* [CP] Copy Pods Resources */ = {
			isa = PBXShellScriptBuildPhase;
			buildActionMask = 2147483647;
			files = (
			);
			inputPaths = (
			);
			name = "[CP] Copy Pods Resources";
			outputPaths = (
			);
			runOnlyForDeploymentPostprocessing = 0;
			shellPath = /bin/sh;
			shellScript = "\"${SRCROOT}/Pods/Target Support Files/Pods-receipt-tracker/Pods-receipt-tracker-resources.sh\"\n";
			showEnvVarsInLog = 0;
		};
/* End PBXShellScriptBuildPhase section */

/* Begin PBXSourcesBuildPhase section */
		E6D660132025972F0005F2CA /* Sources */ = {
			isa = PBXSourcesBuildPhase;
			buildActionMask = 2147483647;
			files = (
				E6D6601D2025972F0005F2CA /* ViewController.swift in Sources */,
				E6D6601B2025972F0005F2CA /* AppDelegate.swift in Sources */,
			);
			runOnlyForDeploymentPostprocessing = 0;
		};
		E6D660272025972F0005F2CA /* Sources */ = {
			isa = PBXSourcesBuildPhase;
			buildActionMask = 2147483647;
			files = (
				E6D660302025972F0005F2CA /* receipt_trackerTests.swift in Sources */,
			);
			runOnlyForDeploymentPostprocessing = 0;
		};
		E6D660322025972F0005F2CA /* Sources */ = {
			isa = PBXSourcesBuildPhase;
			buildActionMask = 2147483647;
			files = (
				E6D6603B2025972F0005F2CA /* receipt_trackerUITests.swift in Sources */,
			);
			runOnlyForDeploymentPostprocessing = 0;
		};
/* End PBXSourcesBuildPhase section */

/* Begin PBXTargetDependency section */
		E6D6602D2025972F0005F2CA /* PBXTargetDependency */ = {
			isa = PBXTargetDependency;
			target = E6D660162025972F0005F2CA /* receipt-tracker */;
			targetProxy = E6D6602C2025972F0005F2CA /* PBXContainerItemProxy */;
		};
		E6D660382025972F0005F2CA /* PBXTargetDependency */ = {
			isa = PBXTargetDependency;
			target = E6D660162025972F0005F2CA /* receipt-tracker */;
			targetProxy = E6D660372025972F0005F2CA /* PBXContainerItemProxy */;
		};
/* End PBXTargetDependency section */

/* Begin PBXVariantGroup section */
		E6D6601E2025972F0005F2CA /* Main.storyboard */ = {
			isa = PBXVariantGroup;
			children = (
				E6D6601F2025972F0005F2CA /* Base */,
			);
			name = Main.storyboard;
			sourceTree = "<group>";
		};
		E6D660232025972F0005F2CA /* LaunchScreen.storyboard */ = {
			isa = PBXVariantGroup;
			children = (
				E6D660242025972F0005F2CA /* Base */,
			);
			name = LaunchScreen.storyboard;
			sourceTree = "<group>";
		};
/* End PBXVariantGroup section */

/* Begin XCBuildConfiguration section */
		E6D6603D2025972F0005F2CA /* Debug */ = {
			isa = XCBuildConfiguration;
			buildSettings = {
				ALWAYS_SEARCH_USER_PATHS = NO;
				CLANG_ANALYZER_NONNULL = YES;
				CLANG_ANALYZER_NUMBER_OBJECT_CONVERSION = YES_AGGRESSIVE;
				CLANG_CXX_LANGUAGE_STANDARD = "gnu++14";
				CLANG_CXX_LIBRARY = "libc++";
				CLANG_ENABLE_MODULES = YES;
				CLANG_ENABLE_OBJC_ARC = YES;
				CLANG_WARN_BLOCK_CAPTURE_AUTORELEASING = YES;
				CLANG_WARN_BOOL_CONVERSION = YES;
				CLANG_WARN_COMMA = YES;
				CLANG_WARN_CONSTANT_CONVERSION = YES;
				CLANG_WARN_DIRECT_OBJC_ISA_USAGE = YES_ERROR;
				CLANG_WARN_DOCUMENTATION_COMMENTS = YES;
				CLANG_WARN_EMPTY_BODY = YES;
				CLANG_WARN_ENUM_CONVERSION = YES;
				CLANG_WARN_INFINITE_RECURSION = YES;
				CLANG_WARN_INT_CONVERSION = YES;
				CLANG_WARN_NON_LITERAL_NULL_CONVERSION = YES;
				CLANG_WARN_OBJC_LITERAL_CONVERSION = YES;
				CLANG_WARN_OBJC_ROOT_CLASS = YES_ERROR;
				CLANG_WARN_RANGE_LOOP_ANALYSIS = YES;
				CLANG_WARN_STRICT_PROTOTYPES = YES;
				CLANG_WARN_SUSPICIOUS_MOVE = YES;
				CLANG_WARN_UNGUARDED_AVAILABILITY = YES_AGGRESSIVE;
				CLANG_WARN_UNREACHABLE_CODE = YES;
				CLANG_WARN__DUPLICATE_METHOD_MATCH = YES;
				CODE_SIGN_IDENTITY = "iPhone Developer";
				COPY_PHASE_STRIP = NO;
				DEBUG_INFORMATION_FORMAT = dwarf;
				ENABLE_STRICT_OBJC_MSGSEND = YES;
				ENABLE_TESTABILITY = YES;
				GCC_C_LANGUAGE_STANDARD = gnu11;
				GCC_DYNAMIC_NO_PIC = NO;
				GCC_NO_COMMON_BLOCKS = YES;
				GCC_OPTIMIZATION_LEVEL = 0;
				GCC_PREPROCESSOR_DEFINITIONS = (
					"DEBUG=1",
					"$(inherited)",
				);
				GCC_WARN_64_TO_32_BIT_CONVERSION = YES;
				GCC_WARN_ABOUT_RETURN_TYPE = YES_ERROR;
				GCC_WARN_UNDECLARED_SELECTOR = YES;
				GCC_WARN_UNINITIALIZED_AUTOS = YES_AGGRESSIVE;
				GCC_WARN_UNUSED_FUNCTION = YES;
				GCC_WARN_UNUSED_VARIABLE = YES;
				IPHONEOS_DEPLOYMENT_TARGET = 11.2;
				MTL_ENABLE_DEBUG_INFO = YES;
				ONLY_ACTIVE_ARCH = YES;
				SDKROOT = iphoneos;
				SWIFT_ACTIVE_COMPILATION_CONDITIONS = DEBUG;
				SWIFT_OPTIMIZATION_LEVEL = "-Onone";
			};
			name = Debug;
		};
		E6D6603E2025972F0005F2CA /* Release */ = {
			isa = XCBuildConfiguration;
			buildSettings = {
				ALWAYS_SEARCH_USER_PATHS = NO;
				CLANG_ANALYZER_NONNULL = YES;
				CLANG_ANALYZER_NUMBER_OBJECT_CONVERSION = YES_AGGRESSIVE;
				CLANG_CXX_LANGUAGE_STANDARD = "gnu++14";
				CLANG_CXX_LIBRARY = "libc++";
				CLANG_ENABLE_MODULES = YES;
				CLANG_ENABLE_OBJC_ARC = YES;
				CLANG_WARN_BLOCK_CAPTURE_AUTORELEASING = YES;
				CLANG_WARN_BOOL_CONVERSION = YES;
				CLANG_WARN_COMMA = YES;
				CLANG_WARN_CONSTANT_CONVERSION = YES;
				CLANG_WARN_DIRECT_OBJC_ISA_USAGE = YES_ERROR;
				CLANG_WARN_DOCUMENTATION_COMMENTS = YES;
				CLANG_WARN_EMPTY_BODY = YES;
				CLANG_WARN_ENUM_CONVERSION = YES;
				CLANG_WARN_INFINITE_RECURSION = YES;
				CLANG_WARN_INT_CONVERSION = YES;
				CLANG_WARN_NON_LITERAL_NULL_CONVERSION = YES;
				CLANG_WARN_OBJC_LITERAL_CONVERSION = YES;
				CLANG_WARN_OBJC_ROOT_CLASS = YES_ERROR;
				CLANG_WARN_RANGE_LOOP_ANALYSIS = YES;
				CLANG_WARN_STRICT_PROTOTYPES = YES;
				CLANG_WARN_SUSPICIOUS_MOVE = YES;
				CLANG_WARN_UNGUARDED_AVAILABILITY = YES_AGGRESSIVE;
				CLANG_WARN_UNREACHABLE_CODE = YES;
				CLANG_WARN__DUPLICATE_METHOD_MATCH = YES;
				CODE_SIGN_IDENTITY = "iPhone Developer";
				COPY_PHASE_STRIP = NO;
				DEBUG_INFORMATION_FORMAT = "dwarf-with-dsym";
				ENABLE_NS_ASSERTIONS = NO;
				ENABLE_STRICT_OBJC_MSGSEND = YES;
				GCC_C_LANGUAGE_STANDARD = gnu11;
				GCC_NO_COMMON_BLOCKS = YES;
				GCC_WARN_64_TO_32_BIT_CONVERSION = YES;
				GCC_WARN_ABOUT_RETURN_TYPE = YES_ERROR;
				GCC_WARN_UNDECLARED_SELECTOR = YES;
				GCC_WARN_UNINITIALIZED_AUTOS = YES_AGGRESSIVE;
				GCC_WARN_UNUSED_FUNCTION = YES;
				GCC_WARN_UNUSED_VARIABLE = YES;
				IPHONEOS_DEPLOYMENT_TARGET = 11.2;
				MTL_ENABLE_DEBUG_INFO = NO;
				SDKROOT = iphoneos;
				SWIFT_OPTIMIZATION_LEVEL = "-Owholemodule";
				VALIDATE_PRODUCT = YES;
			};
			name = Release;
		};
		E6D660402025972F0005F2CA /* Debug */ = {
			isa = XCBuildConfiguration;
			baseConfigurationReference = 0DC48BCBDC87B46BD7BE782B /* Pods-receipt-tracker.debug.xcconfig */;
			buildSettings = {
				ASSETCATALOG_COMPILER_APPICON_NAME = AppIcon;
				CODE_SIGN_STYLE = Automatic;
				DEVELOPMENT_TEAM = DT26ZQ8CEK;
				INFOPLIST_FILE = "receipt-tracker/Info.plist";
				LD_RUNPATH_SEARCH_PATHS = "$(inherited) @executable_path/Frameworks";
				PRODUCT_BUNDLE_IDENTIFIER = "hackathon.harpar.receipt-tracker";
				PRODUCT_NAME = "$(TARGET_NAME)";
				SWIFT_VERSION = 4.0;
				TARGETED_DEVICE_FAMILY = "1,2";
			};
			name = Debug;
		};
		E6D660412025972F0005F2CA /* Release */ = {
			isa = XCBuildConfiguration;
			baseConfigurationReference = 72770E9ACA1865D18098DF38 /* Pods-receipt-tracker.release.xcconfig */;
			buildSettings = {
				ASSETCATALOG_COMPILER_APPICON_NAME = AppIcon;
				CODE_SIGN_STYLE = Automatic;
				DEVELOPMENT_TEAM = DT26ZQ8CEK;
				INFOPLIST_FILE = "receipt-tracker/Info.plist";
				LD_RUNPATH_SEARCH_PATHS = "$(inherited) @executable_path/Frameworks";
				PRODUCT_BUNDLE_IDENTIFIER = "hackathon.harpar.receipt-tracker";
				PRODUCT_NAME = "$(TARGET_NAME)";
				SWIFT_VERSION = 4.0;
				TARGETED_DEVICE_FAMILY = "1,2";
			};
			name = Release;
		};
		E6D660432025972F0005F2CA /* Debug */ = {
			isa = XCBuildConfiguration;
			baseConfigurationReference = 8DFA726F2906D58B5F3FE177 /* Pods-receipt-trackerTests.debug.xcconfig */;
			buildSettings = {
				ALWAYS_EMBED_SWIFT_STANDARD_LIBRARIES = YES;
				BUNDLE_LOADER = "$(TEST_HOST)";
				CODE_SIGN_STYLE = Automatic;
				DEVELOPMENT_TEAM = DT26ZQ8CEK;
				INFOPLIST_FILE = "receipt-trackerTests/Info.plist";
				LD_RUNPATH_SEARCH_PATHS = "$(inherited) @executable_path/Frameworks @loader_path/Frameworks";
				PRODUCT_BUNDLE_IDENTIFIER = "hackathon.harpar.receipt-trackerTests";
				PRODUCT_NAME = "$(TARGET_NAME)";
				SWIFT_VERSION = 4.0;
				TARGETED_DEVICE_FAMILY = "1,2";
				TEST_HOST = "$(BUILT_PRODUCTS_DIR)/receipt-tracker.app/receipt-tracker";
			};
			name = Debug;
		};
		E6D660442025972F0005F2CA /* Release */ = {
			isa = XCBuildConfiguration;
			baseConfigurationReference = 94E0309FEA437E8DF00577E7 /* Pods-receipt-trackerTests.release.xcconfig */;
			buildSettings = {
				ALWAYS_EMBED_SWIFT_STANDARD_LIBRARIES = YES;
				BUNDLE_LOADER = "$(TEST_HOST)";
				CODE_SIGN_STYLE = Automatic;
				DEVELOPMENT_TEAM = DT26ZQ8CEK;
				INFOPLIST_FILE = "receipt-trackerTests/Info.plist";
				LD_RUNPATH_SEARCH_PATHS = "$(inherited) @executable_path/Frameworks @loader_path/Frameworks";
				PRODUCT_BUNDLE_IDENTIFIER = "hackathon.harpar.receipt-trackerTests";
				PRODUCT_NAME = "$(TARGET_NAME)";
				SWIFT_VERSION = 4.0;
				TARGETED_DEVICE_FAMILY = "1,2";
				TEST_HOST = "$(BUILT_PRODUCTS_DIR)/receipt-tracker.app/receipt-tracker";
			};
			name = Release;
		};
		E6D660462025972F0005F2CA /* Debug */ = {
			isa = XCBuildConfiguration;
			baseConfigurationReference = 18FB5804218587C36EBC923B /* Pods-receipt-trackerUITests.debug.xcconfig */;
			buildSettings = {
				ALWAYS_EMBED_SWIFT_STANDARD_LIBRARIES = YES;
				CODE_SIGN_STYLE = Automatic;
				DEVELOPMENT_TEAM = DT26ZQ8CEK;
				INFOPLIST_FILE = "receipt-trackerUITests/Info.plist";
				LD_RUNPATH_SEARCH_PATHS = "$(inherited) @executable_path/Frameworks @loader_path/Frameworks";
				PRODUCT_BUNDLE_IDENTIFIER = "hackathon.harpar.receipt-trackerUITests";
				PRODUCT_NAME = "$(TARGET_NAME)";
				SWIFT_VERSION = 4.0;
				TARGETED_DEVICE_FAMILY = "1,2";
				TEST_TARGET_NAME = "receipt-tracker";
			};
			name = Debug;
		};
		E6D660472025972F0005F2CA /* Release */ = {
			isa = XCBuildConfiguration;
			baseConfigurationReference = F5D86664DFB899904120CCEA /* Pods-receipt-trackerUITests.release.xcconfig */;
			buildSettings = {
				ALWAYS_EMBED_SWIFT_STANDARD_LIBRARIES = YES;
				CODE_SIGN_STYLE = Automatic;
				DEVELOPMENT_TEAM = DT26ZQ8CEK;
				INFOPLIST_FILE = "receipt-trackerUITests/Info.plist";
				LD_RUNPATH_SEARCH_PATHS = "$(inherited) @executable_path/Frameworks @loader_path/Frameworks";
				PRODUCT_BUNDLE_IDENTIFIER = "hackathon.harpar.receipt-trackerUITests";
				PRODUCT_NAME = "$(TARGET_NAME)";
				SWIFT_VERSION = 4.0;
				TARGETED_DEVICE_FAMILY = "1,2";
				TEST_TARGET_NAME = "receipt-tracker";
			};
			name = Release;
		};
/* End XCBuildConfiguration section */

/* Begin XCConfigurationList section */
		E6D660122025972F0005F2CA /* Build configuration list for PBXProject "receipt-tracker" */ = {
			isa = XCConfigurationList;
			buildConfigurations = (
				E6D6603D2025972F0005F2CA /* Debug */,
				E6D6603E2025972F0005F2CA /* Release */,
			);
			defaultConfigurationIsVisible = 0;
			defaultConfigurationName = Release;
		};
		E6D6603F2025972F0005F2CA /* Build configuration list for PBXNativeTarget "receipt-tracker" */ = {
			isa = XCConfigurationList;
			buildConfigurations = (
				E6D660402025972F0005F2CA /* Debug */,
				E6D660412025972F0005F2CA /* Release */,
			);
			defaultConfigurationIsVisible = 0;
			defaultConfigurationName = Release;
		};
		E6D660422025972F0005F2CA /* Build configuration list for PBXNativeTarget "receipt-trackerTests" */ = {
			isa = XCConfigurationList;
			buildConfigurations = (
				E6D660432025972F0005F2CA /* Debug */,
				E6D660442025972F0005F2CA /* Release */,
			);
			defaultConfigurationIsVisible = 0;
			defaultConfigurationName = Release;
		};
		E6D660452025972F0005F2CA /* Build configuration list for PBXNativeTarget "receipt-trackerUITests" */ = {
			isa = XCConfigurationList;
			buildConfigurations = (
				E6D660462025972F0005F2CA /* Debug */,
				E6D660472025972F0005F2CA /* Release */,
			);
			defaultConfigurationIsVisible = 0;
			defaultConfigurationName = Release;
		};
/* End XCConfigurationList section */
	};
	rootObject = E6D6600F2025972F0005F2CA /* Project object */;
}
