PODS:
  - Alamofire (4.6.0)
  - NVActivityIndicatorView (4.1.1):
    - NVActivityIndicatorView/Presenter (= 4.1.1)
  - NVActivityIndicatorView/Presenter (4.1.1)
  - SwiftyCam (2.6.0)
  - SwiftyJSON (4.0.0)

DEPENDENCIES:
  - Alamofire
  - NVActivityIndicatorView
  - SwiftyCam
  - SwiftyJSON

SPEC CHECKSUMS:
  Alamofire: f41a599bd63041760b26d393ec1069d9d7b917f4
  NVActivityIndicatorView: 60109b9bf46efc2e71ab81453196ccdfdfeea870
  SwiftyCam: 86c114177a1b1f5dc2c82384577d0c20b922a31b
  SwiftyJSON: 070dabdcb1beb81b247c65ffa3a79dbbfb3b48aa

PODFILE CHECKSUM: 8e2d40bf843c7996221ae9243a4cddb36a4e2c6c

COCOAPODS: 1.4.0
